{
  "requires": true,
  "lockfileVersion": 1,
  "dependencies": {
    "pusher-js": {
      "version": "5.0.1",
      "resolved": "https://registry.npmjs.org/pusher-js/-/pusher-js-5.0.1.tgz",
      "integrity": "sha512-w5vucT2VjgOWMZgqGCFwrmNp68Qfct3Dd/4eOigx5f1eWEJq3DJTKYygNcENmZmC3DtlVxShq2ybASVg8yH27w=="
    }
  }
}
